<?xml version="1.0" encoding="utf-8"?>
<Project ToolsVersion="4.0" xmlns="http://schemas.microsoft.com/developer/msbuild/2003">
  <ItemGroup>
    <Filter Include="源文件">
      <UniqueIdentifier>{8EFCE068-6C8D-41F9-931F-0B654ECAB60C}</UniqueIdentifier>
      <Extensions>cpp;c</Extensions>
    </Filter>
    <Filter Include="头文件">
      <UniqueIdentifier>{29D57ED3-B00E-4D40-A50B-E7316AE74126}</UniqueIdentifier>
      <Extensions>hpp;h</Extensions>
    </Filter>
  </ItemGroup>
  <ItemGroup>
    <ClCompile Include="Bomb.cpp"><Filter>源文件</Filter></ClCompile>
    <ClCompile Include="Explosion.cpp"><Filter>源文件</Filter></ClCompile>
    <ClCompile Include="Game.cpp"><Filter>源文件</Filter></ClCompile>
    <ClCompile Include="Map.cpp"><Filter>源文件</Filter></ClCompile>
    <ClCompile Include="Monster.cpp"><Filter>源文件</Filter></ClCompile>
    <ClCompile Include="Player.cpp"><Filter>源文件</Filter></ClCompile>
  </ItemGroup>
  <ItemGroup>
    <ClInclude Include="Bomb.hpp"><Filter>头文件</Filter></ClInclude>
    <ClInclude Include="Explosion.hpp"><Filter>头文件</Filter></ClInclude>
    <ClInclude Include="Game.hpp"><Filter>头文件</Filter></ClInclude>
    <ClInclude Include="GameObject.hpp"><Filter>头文件</Filter></ClInclude>
    <ClInclude Include="Map.hpp"><Filter>头文件</Filter></ClInclude>
    <ClInclude Include="Monster.hpp"><Filter>头文件</Filter></ClInclude>
    <ClInclude Include="Player.hpp"><Filter>头文件</Filter></ClInclude>
    <ClInclude Include="Types.hpp"><Filter>头文件</Filter></ClInclude>
  </ItemGroup>
  <ItemGroup>
    <None Include="README.md" />
  </ItemGroup>
</Project>
